github.com/coreservice-io/job v0.1.20 h1:eCtVkB5MrCK9K7XFUu2X6D894H3mzy+puLl3HFC6yic=
github.com/coreservice-io/job v0.1.20/go.mod h1:79+xxo1XzAYSyFXmOhsSzgzqKL0J40dVOtH0fhu3ORs=
github.com/imroc/req v0.3.2 h1:M/JkeU6RPmX+WYvT2vaaOL0K+q8ufL5LxwvJc4xeB4o=
github.com/imroc/req v0.3.2/go.mod h1:F+NZ+2EFSo6EFXdeIbpfE9hcC233id70kf0byW97Caw=
